
Microsoft Visual Studio Solution File, Format Version 12.00
# Visual Studio 14
VisualStudioVersion = 14.0.23107.0
MinimumVisualStudioVersion = 10.0.40219.1
Project("{FAE04EC0-301F-11D3-BF4B-00C04F79EFBC}") = "WebApplication1", "WebApplication1\WebApplication1.csproj", "{CA31C175-01D8-4098-BCC2-942A6757C8E6}"
EndProject
Project("{FAE04EC0-301F-11D3-BF4B-00C04F79EFBC}") = "BusinessLayer", "BusinessLayer\BusinessLayer.csproj", "{E79C7D98-BFBC-4BBF-A109-5003F14E64F2}"
EndProject
Global
	GlobalSection(SolutionConfigurationPlatforms) = preSolution
		Debug|Any CPU = Debug|Any CPU
		Release|Any CPU = Release|Any CPU
	EndGlobalSection
	GlobalSection(ProjectConfigurationPlatforms) = postSolution
		{CA31C175-01D8-4098-BCC2-942A6757C8E6}.Debug|Any CPU.ActiveCfg = Debug|Any CPU
		{CA31C175-01D8-4098-BCC2-942A6757C8E6}.Debug|Any CPU.Build.0 = Debug|Any CPU
		{CA31C175-01D8-4098-BCC2-942A6757C8E6}.Release|Any CPU.ActiveCfg = Release|Any CPU
		{CA31C175-01D8-4098-BCC2-942A6757C8E6}.Release|Any CPU.Build.0 = Release|Any CPU
		{E79C7D98-BFBC-4BBF-A109-5003F14E64F2}.Debug|Any CPU.ActiveCfg = Debug|Any CPU
		{E79C7D98-BFBC-4BBF-A109-5003F14E64F2}.Debug|Any CPU.Build.0 = Debug|Any CPU
		{E79C7D98-BFBC-4BBF-A109-5003F14E64F2}.Release|Any CPU.ActiveCfg = Release|Any CPU
		{E79C7D98-BFBC-4BBF-A109-5003F14E64F2}.Release|Any CPU.Build.0 = Release|Any CPU
	EndGlobalSection
	GlobalSection(SolutionProperties) = preSolution
		HideSolutionNode = FALSE
	EndGlobalSection
EndGlobal
